// !$*UTF8*$!
{
	archiveVersion = 1;
	classes = {
	};
	objectVersion = 50;
	objects = {

/* Begin PBXBuildFile section */
		AC36ADDC219388B9005CA798 /* CharacterrProfileViewController.swift in Sources */ = {isa = PBXBuildFile; fileRef = AC36ADDB219388B9005CA798 /* CharacterrProfileViewController.swift */; };
		AC36ADDE21938BB4005CA798 /* CharacterProfile.swift in Sources */ = {isa = PBXBuildFile; fileRef = AC36ADDD21938BB4005CA798 /* CharacterProfile.swift */; };
		AC5675112193814A0016AB5B /* AppDelegate.swift in Sources */ = {isa = PBXBuildFile; fileRef = AC5675102193814A0016AB5B /* AppDelegate.swift */; };
		AC5675182193814C0016AB5B /* Assets.xcassets in Resources */ = {isa = PBXBuildFile; fileRef = AC5675172193814C0016AB5B /* Assets.xcassets */; };
		AC56751B2193814C0016AB5B /* LaunchScreen.storyboard in Resources */ = {isa = PBXBuildFile; fileRef = AC5675192193814C0016AB5B /* LaunchScreen.storyboard */; };
		AC5675262193814C0016AB5B /* MatrixPediaTests.swift in Sources */ = {isa = PBXBuildFile; fileRef = AC5675252193814C0016AB5B /* MatrixPediaTests.swift */; };
		AC567531219382020016AB5B /* CharactersTableViewController.swift in Sources */ = {isa = PBXBuildFile; fileRef = AC567530219382020016AB5B /* CharactersTableViewController.swift */; };
		AC567533219382320016AB5B /* MatrixCharacter.swift in Sources */ = {isa = PBXBuildFile; fileRef = AC567532219382320016AB5B /* MatrixCharacter.swift */; };
		ACDEAAB121A5D064005DA240 /* MatrixCharactersRouter.swift in Sources */ = {isa = PBXBuildFile; fileRef = ACDEAAB021A5D064005DA240 /* MatrixCharactersRouter.swift */; };
		ACDEAAB721A5D4D2005DA240 /* MatrixProtocols.swift in Sources */ = {isa = PBXBuildFile; fileRef = ACDEAAB621A5D4D2005DA240 /* MatrixProtocols.swift */; };
		ACDEAAB921A5D6BD005DA240 /* LiveNewsPresenter.swift in Sources */ = {isa = PBXBuildFile; fileRef = ACDEAAB821A5D6BD005DA240 /* LiveNewsPresenter.swift */; };
		ACDEAABB21A5D7FD005DA240 /* MatrixCharactersInteractor.swift in Sources */ = {isa = PBXBuildFile; fileRef = ACDEAABA21A5D7FD005DA240 /* MatrixCharactersInteractor.swift */; };
		ACDEAABD21A5DDE3005DA240 /* CharactersViewController.swift in Sources */ = {isa = PBXBuildFile; fileRef = ACDEAABC21A5DDE3005DA240 /* CharactersViewController.swift */; };
		ACDEAABF21A5E198005DA240 /* Main.storyboard in Resources */ = {isa = PBXBuildFile; fileRef = ACDEAABE21A5E197005DA240 /* Main.storyboard */; };
		ACDEAAC121A6120E005DA240 /* Constants.swift in Sources */ = {isa = PBXBuildFile; fileRef = ACDEAAC021A6120E005DA240 /* Constants.swift */; };
		BC30F1E7241A026C41D6A5FB /* Pods_MatrixPediaTests.framework in Frameworks */ = {isa = PBXBuildFile; fileRef = 6C601DE20446C994A7CEAD7E /* Pods_MatrixPediaTests.framework */; };
		ED3018B933323CDE9004280D /* Pods_MatrixPedia.framework in Frameworks */ = {isa = PBXBuildFile; fileRef = 3B7F7D59FAF41A87DB321CF8 /* Pods_MatrixPedia.framework */; };
/* End PBXBuildFile section */

/* Begin PBXContainerItemProxy section */
		AC5675222193814C0016AB5B /* PBXContainerItemProxy */ = {
			isa = PBXContainerItemProxy;
			containerPortal = AC5675052193814A0016AB5B /* Project object */;
			proxyType = 1;
			remoteGlobalIDString = AC56750C2193814A0016AB5B;
			remoteInfo = MatrixPedia;
		};
/* End PBXContainerItemProxy section */

/* Begin PBXFileReference section */
		3B7F7D59FAF41A87DB321CF8 /* Pods_MatrixPedia.framework */ = {isa = PBXFileReference; explicitFileType = wrapper.framework; includeInIndex = 0; path = Pods_MatrixPedia.framework; sourceTree = BUILT_PRODUCTS_DIR; };
		6C601DE20446C994A7CEAD7E /* Pods_MatrixPediaTests.framework */ = {isa = PBXFileReference; explicitFileType = wrapper.framework; includeInIndex = 0; path = Pods_MatrixPediaTests.framework; sourceTree = BUILT_PRODUCTS_DIR; };
		918D6551AB6EBE4E126BA6B4 /* Pods-MatrixPedia.release.xcconfig */ = {isa = PBXFileReference; includeInIndex = 1; lastKnownFileType = text.xcconfig; name = "Pods-MatrixPedia.release.xcconfig"; path = "Pods/Target Support Files/Pods-MatrixPedia/Pods-MatrixPedia.release.xcconfig"; sourceTree = "<group>"; };
		AC36ADDB219388B9005CA798 /* CharacterrProfileViewController.swift */ = {isa = PBXFileReference; lastKnownFileType = sourcecode.swift; path = CharacterrProfileViewController.swift; sourceTree = "<group>"; };
		AC36ADDD21938BB4005CA798 /* CharacterProfile.swift */ = {isa = PBXFileReference; lastKnownFileType = sourcecode.swift; path = CharacterProfile.swift; sourceTree = "<group>"; };
		AC56750D2193814A0016AB5B /* MatrixPedia.app */ = {isa = PBXFileReference; explicitFileType = wrapper.application; includeInIndex = 0; path = MatrixPedia.app; sourceTree = BUILT_PRODUCTS_DIR; };
		AC5675102193814A0016AB5B /* AppDelegate.swift */ = {isa = PBXFileReference; lastKnownFileType = sourcecode.swift; path = AppDelegate.swift; sourceTree = "<group>"; };
		AC5675172193814C0016AB5B /* Assets.xcassets */ = {isa = PBXFileReference; lastKnownFileType = folder.assetcatalog; path = Assets.xcassets; sourceTree = "<group>"; };
		AC56751A2193814C0016AB5B /* Base */ = {isa = PBXFileReference; lastKnownFileType = file.storyboard; name = Base; path = Base.lproj/LaunchScreen.storyboard; sourceTree = "<group>"; };
		AC56751C2193814C0016AB5B /* Info.plist */ = {isa = PBXFileReference; lastKnownFileType = text.plist.xml; path = Info.plist; sourceTree = "<group>"; };
		AC5675212193814C0016AB5B /* MatrixPediaTests.xctest */ = {isa = PBXFileReference; explicitFileType = wrapper.cfbundle; includeInIndex = 0; path = MatrixPediaTests.xctest; sourceTree = BUILT_PRODUCTS_DIR; };
		AC5675252193814C0016AB5B /* MatrixPediaTests.swift */ = {isa = PBXFileReference; lastKnownFileType = sourcecode.swift; path = MatrixPediaTests.swift; sourceTree = "<group>"; };
		AC5675272193814C0016AB5B /* Info.plist */ = {isa = PBXFileReference; lastKnownFileType = text.plist.xml; path = Info.plist; sourceTree = "<group>"; };
		AC567530219382020016AB5B /* CharactersTableViewController.swift */ = {isa = PBXFileReference; lastKnownFileType = sourcecode.swift; path = CharactersTableViewController.swift; sourceTree = "<group>"; };
		AC567532219382320016AB5B /* MatrixCharacter.swift */ = {isa = PBXFileReference; lastKnownFileType = sourcecode.swift; path = MatrixCharacter.swift; sourceTree = "<group>"; };
		ACDEAAB021A5D064005DA240 /* MatrixCharactersRouter.swift */ = {isa = PBXFileReference; lastKnownFileType = sourcecode.swift; path = MatrixCharactersRouter.swift; sourceTree = "<group>"; };
		ACDEAAB621A5D4D2005DA240 /* MatrixProtocols.swift */ = {isa = PBXFileReference; lastKnownFileType = sourcecode.swift; path = MatrixProtocols.swift; sourceTree = "<group>"; };
		ACDEAAB821A5D6BD005DA240 /* LiveNewsPresenter.swift */ = {isa = PBXFileReference; lastKnownFileType = sourcecode.swift; path = LiveNewsPresenter.swift; sourceTree = "<group>"; };
		ACDEAABA21A5D7FD005DA240 /* MatrixCharactersInteractor.swift */ = {isa = PBXFileReference; lastKnownFileType = sourcecode.swift; path = MatrixCharactersInteractor.swift; sourceTree = "<group>"; };
		ACDEAABC21A5DDE3005DA240 /* CharactersViewController.swift */ = {isa = PBXFileReference; lastKnownFileType = sourcecode.swift; path = CharactersViewController.swift; sourceTree = "<group>"; };
		ACDEAABE21A5E197005DA240 /* Main.storyboard */ = {isa = PBXFileReference; fileEncoding = 4; lastKnownFileType = file.storyboard; path = Main.storyboard; sourceTree = "<group>"; };
		ACDEAAC021A6120E005DA240 /* Constants.swift */ = {isa = PBXFileReference; lastKnownFileType = sourcecode.swift; path = Constants.swift; sourceTree = "<group>"; };
		AF06BB104A9872EF2D7CFF07 /* Pods-MatrixPediaTests.debug.xcconfig */ = {isa = PBXFileReference; includeInIndex = 1; lastKnownFileType = text.xcconfig; name = "Pods-MatrixPediaTests.debug.xcconfig"; path = "Pods/Target Support Files/Pods-MatrixPediaTests/Pods-MatrixPediaTests.debug.xcconfig"; sourceTree = "<group>"; };
		B00181C68F6297F9E43F4635 /* Pods-MatrixPediaTests.release.xcconfig */ = {isa = PBXFileReference; includeInIndex = 1; lastKnownFileType = text.xcconfig; name = "Pods-MatrixPediaTests.release.xcconfig"; path = "Pods/Target Support Files/Pods-MatrixPediaTests/Pods-MatrixPediaTests.release.xcconfig"; sourceTree = "<group>"; };
		CC88C5FFF76F8F14B3D51229 /* Pods-MatrixPedia.debug.xcconfig */ = {isa = PBXFileReference; includeInIndex = 1; lastKnownFileType = text.xcconfig; name = "Pods-MatrixPedia.debug.xcconfig"; path = "Pods/Target Support Files/Pods-MatrixPedia/Pods-MatrixPedia.debug.xcconfig"; sourceTree = "<group>"; };
/* End PBXFileReference section */

/* Begin PBXFrameworksBuildPhase section */
		AC56750A2193814A0016AB5B /* Frameworks */ = {
			isa = PBXFrameworksBuildPhase;
			buildActionMask = 2147483647;
			files = (
				ED3018B933323CDE9004280D /* Pods_MatrixPedia.framework in Frameworks */,
			);
			runOnlyForDeploymentPostprocessing = 0;
		};
		AC56751E2193814C0016AB5B /* Frameworks */ = {
			isa = PBXFrameworksBuildPhase;
			buildActionMask = 2147483647;
			files = (
				BC30F1E7241A026C41D6A5FB /* Pods_MatrixPediaTests.framework in Frameworks */,
			);
			runOnlyForDeploymentPostprocessing = 0;
		};
/* End PBXFrameworksBuildPhase section */

/* Begin PBXGroup section */
		513E63804AF9EE2FEFBFA242 /* Frameworks */ = {
			isa = PBXGroup;
			children = (
				3B7F7D59FAF41A87DB321CF8 /* Pods_MatrixPedia.framework */,
				6C601DE20446C994A7CEAD7E /* Pods_MatrixPediaTests.framework */,
			);
			name = Frameworks;
			sourceTree = "<group>";
		};
		830E51D0EED62DA5800B5682 /* Pods */ = {
			isa = PBXGroup;
			children = (
				CC88C5FFF76F8F14B3D51229 /* Pods-MatrixPedia.debug.xcconfig */,
				918D6551AB6EBE4E126BA6B4 /* Pods-MatrixPedia.release.xcconfig */,
				AF06BB104A9872EF2D7CFF07 /* Pods-MatrixPediaTests.debug.xcconfig */,
				B00181C68F6297F9E43F4635 /* Pods-MatrixPediaTests.release.xcconfig */,
			);
			name = Pods;
			sourceTree = "<group>";
		};
		AC5675042193814A0016AB5B = {
			isa = PBXGroup;
			children = (
				AC56750F2193814A0016AB5B /* MatrixPedia */,
				AC5675242193814C0016AB5B /* MatrixPediaTests */,
				AC56750E2193814A0016AB5B /* Products */,
				830E51D0EED62DA5800B5682 /* Pods */,
				513E63804AF9EE2FEFBFA242 /* Frameworks */,
			);
			sourceTree = "<group>";
		};
		AC56750E2193814A0016AB5B /* Products */ = {
			isa = PBXGroup;
			children = (
				AC56750D2193814A0016AB5B /* MatrixPedia.app */,
				AC5675212193814C0016AB5B /* MatrixPediaTests.xctest */,
			);
			name = Products;
			sourceTree = "<group>";
		};
		AC56750F2193814A0016AB5B /* MatrixPedia */ = {
			isa = PBXGroup;
			children = (
				ACDEAAA921A5CF62005DA240 /* modules */,
				AC5675102193814A0016AB5B /* AppDelegate.swift */,
				AC5675172193814C0016AB5B /* Assets.xcassets */,
				ACDEAABE21A5E197005DA240 /* Main.storyboard */,
				AC5675192193814C0016AB5B /* LaunchScreen.storyboard */,
				AC56751C2193814C0016AB5B /* Info.plist */,
				ACDEAAC021A6120E005DA240 /* Constants.swift */,
			);
			path = MatrixPedia;
			sourceTree = "<group>";
		};
		AC5675242193814C0016AB5B /* MatrixPediaTests */ = {
			isa = PBXGroup;
			children = (
				AC5675252193814C0016AB5B /* MatrixPediaTests.swift */,
				AC5675272193814C0016AB5B /* Info.plist */,
			);
			path = MatrixPediaTests;
			sourceTree = "<group>";
		};
		ACDEAAA921A5CF62005DA240 /* modules */ = {
			isa = PBXGroup;
			children = (
				ACDEAAAF21A5CFB6005DA240 /* Protocols */,
				ACDEAAAE21A5CFA9005DA240 /* Route */,
				ACDEAAAD21A5CF91005DA240 /* Entity */,
				ACDEAAAC21A5CF8D005DA240 /* Interactor */,
				ACDEAAAA21A5CF72005DA240 /* Presenter */,
				ACDEAAAB21A5CF7E005DA240 /* View */,
			);
			path = modules;
			sourceTree = "<group>";
		};
		ACDEAAAA21A5CF72005DA240 /* Presenter */ = {
			isa = PBXGroup;
			children = (
				ACDEAAB821A5D6BD005DA240 /* LiveNewsPresenter.swift */,
			);
			path = Presenter;
			sourceTree = "<group>";
		};
		ACDEAAAB21A5CF7E005DA240 /* View */ = {
			isa = PBXGroup;
			children = (
				AC567530219382020016AB5B /* CharactersTableViewController.swift */,
				AC36ADDB219388B9005CA798 /* CharacterrProfileViewController.swift */,
				ACDEAABC21A5DDE3005DA240 /* CharactersViewController.swift */,
			);
			path = View;
			sourceTree = "<group>";
		};
		ACDEAAAC21A5CF8D005DA240 /* Interactor */ = {
			isa = PBXGroup;
			children = (
				ACDEAABA21A5D7FD005DA240 /* MatrixCharactersInteractor.swift */,
			);
			path = Interactor;
			sourceTree = "<group>";
		};
		ACDEAAAD21A5CF91005DA240 /* Entity */ = {
			isa = PBXGroup;
			children = (
				AC567532219382320016AB5B /* MatrixCharacter.swift */,
				AC36ADDD21938BB4005CA798 /* CharacterProfile.swift */,
			);
			name = Entity;
			path = ../Entity;
			sourceTree = "<group>";
		};
		ACDEAAAE21A5CFA9005DA240 /* Route */ = {
			isa = PBXGroup;
			children = (
				ACDEAAB021A5D064005DA240 /* MatrixCharactersRouter.swift */,
			);
			path = Route;
			sourceTree = "<group>";
		};
		ACDEAAAF21A5CFB6005DA240 /* Protocols */ = {
			isa = PBXGroup;
			children = (
				ACDEAAB621A5D4D2005DA240 /* MatrixProtocols.swift */,
			);
			path = Protocols;
			sourceTree = "<group>";
		};
/* End PBXGroup section */

/* Begin PBXNativeTarget section */
		AC56750C2193814A0016AB5B /* MatrixPedia */ = {
			isa = PBXNativeTarget;
			buildConfigurationList = AC56752A2193814C0016AB5B /* Build configuration list for PBXNativeTarget "MatrixPedia" */;
			buildPhases = (
				8B89910B8DBB8E83F6DEE4EF /* [CP] Check Pods Manifest.lock */,
				AC5675092193814A0016AB5B /* Sources */,
				AC56750A2193814A0016AB5B /* Frameworks */,
				AC56750B2193814A0016AB5B /* Resources */,
				0E283275420DB656898FC6D2 /* [CP] Embed Pods Frameworks */,
			);
			buildRules = (
			);
			dependencies = (
			);
			name = MatrixPedia;
			productName = MatrixPedia;
			productReference = AC56750D2193814A0016AB5B /* MatrixPedia.app */;
			productType = "com.apple.product-type.application";
		};
		AC5675202193814C0016AB5B /* MatrixPediaTests */ = {
			isa = PBXNativeTarget;
			buildConfigurationList = AC56752D2193814C0016AB5B /* Build configuration list for PBXNativeTarget "MatrixPediaTests" */;
			buildPhases = (
				F1F41AFD598C7265958407DD /* [CP] Check Pods Manifest.lock */,
				AC56751D2193814C0016AB5B /* Sources */,
				AC56751E2193814C0016AB5B /* Frameworks */,
				AC56751F2193814C0016AB5B /* Resources */,
			);
			buildRules = (
			);
			dependencies = (
				AC5675232193814C0016AB5B /* PBXTargetDependency */,
			);
			name = MatrixPediaTests;
			productName = MatrixPediaTests;
			productReference = AC5675212193814C0016AB5B /* MatrixPediaTests.xctest */;
			productType = "com.apple.product-type.bundle.unit-test";
		};
/* End PBXNativeTarget section */

/* Begin PBXProject section */
		AC5675052193814A0016AB5B /* Project object */ = {
			isa = PBXProject;
			attributes = {
				LastSwiftUpdateCheck = 1000;
				LastUpgradeCheck = 1000;
				ORGANIZATIONNAME = Alexandre;
				TargetAttributes = {
					AC56750C2193814A0016AB5B = {
						CreatedOnToolsVersion = 10.0;
					};
					AC5675202193814C0016AB5B = {
						CreatedOnToolsVersion = 10.0;
						TestTargetID = AC56750C2193814A0016AB5B;
					};
				};
			};
			buildConfigurationList = AC5675082193814A0016AB5B /* Build configuration list for PBXProject "MatrixPedia" */;
			compatibilityVersion = "Xcode 9.3";
			developmentRegion = en;
			hasScannedForEncodings = 0;
			knownRegions = (
				en,
				Base,
			);
			mainGroup = AC5675042193814A0016AB5B;
			productRefGroup = AC56750E2193814A0016AB5B /* Products */;
			projectDirPath = "";
			projectRoot = "";
			targets = (
				AC56750C2193814A0016AB5B /* MatrixPedia */,
				AC5675202193814C0016AB5B /* MatrixPediaTests */,
			);
		};
/* End PBXProject section */

/* Begin PBXResourcesBuildPhase section */
		AC56750B2193814A0016AB5B /* Resources */ = {
			isa = PBXResourcesBuildPhase;
			buildActionMask = 2147483647;
			files = (
				AC56751B2193814C0016AB5B /* LaunchScreen.storyboard in Resources */,
				AC5675182193814C0016AB5B /* Assets.xcassets in Resources */,
				ACDEAABF21A5E198005DA240 /* Main.storyboard in Resources */,
			);
			runOnlyForDeploymentPostprocessing = 0;
		};
		AC56751F2193814C0016AB5B /* Resources */ = {
			isa = PBXResourcesBuildPhase;
			buildActionMask = 2147483647;
			files = (
			);
			runOnlyForDeploymentPostprocessing = 0;
		};
/* End PBXResourcesBuildPhase section */

/* Begin PBXShellScriptBuildPhase section */
		0E283275420DB656898FC6D2 /* [CP] Embed Pods Frameworks */ = {
			isa = PBXShellScriptBuildPhase;
			buildActionMask = 2147483647;
			files = (
			);
			inputFileListPaths = (
			);
			inputPaths = (
				"${SRCROOT}/Pods/Target Support Files/Pods-MatrixPedia/Pods-MatrixPedia-frameworks.sh",
				"${BUILT_PRODUCTS_DIR}/Alamofire/Alamofire.framework",
			);
			name = "[CP] Embed Pods Frameworks";
			outputFileListPaths = (
			);
			outputPaths = (
				"${TARGET_BUILD_DIR}/${FRAMEWORKS_FOLDER_PATH}/Alamofire.framework",
			);
			runOnlyForDeploymentPostprocessing = 0;
			shellPath = /bin/sh;
			shellScript = "\"${SRCROOT}/Pods/Target Support Files/Pods-MatrixPedia/Pods-MatrixPedia-frameworks.sh\"\n";
			showEnvVarsInLog = 0;
		};
		8B89910B8DBB8E83F6DEE4EF /* [CP] Check Pods Manifest.lock */ = {
			isa = PBXShellScriptBuildPhase;
			buildActionMask = 2147483647;
			files = (
			);
			inputFileListPaths = (
			);
			inputPaths = (
				"${PODS_PODFILE_DIR_PATH}/Podfile.lock",
				"${PODS_ROOT}/Manifest.lock",
			);
			name = "[CP] Check Pods Manifest.lock";
			outputFileListPaths = (
			);
			outputPaths = (
				"$(DERIVED_FILE_DIR)/Pods-MatrixPedia-checkManifestLockResult.txt",
			);
			runOnlyForDeploymentPostprocessing = 0;
			shellPath = /bin/sh;
			shellScript = "diff \"${PODS_PODFILE_DIR_PATH}/Podfile.lock\" \"${PODS_ROOT}/Manifest.lock\" > /dev/null\nif [ $? != 0 ] ; then\n    # print error to STDERR\n    echo \"error: The sandbox is not in sync with the Podfile.lock. Run 'pod install' or update your CocoaPods installation.\" >&2\n    exit 1\nfi\n# This output is used by Xcode 'outputs' to avoid re-running this script phase.\necho \"SUCCESS\" > \"${SCRIPT_OUTPUT_FILE_0}\"\n";
			showEnvVarsInLog = 0;
		};
		F1F41AFD598C7265958407DD /* [CP] Check Pods Manifest.lock */ = {
			isa = PBXShellScriptBuildPhase;
			buildActionMask = 2147483647;
			files = (
			);
			inputFileListPaths = (
			);
			inputPaths = (
				"${PODS_PODFILE_DIR_PATH}/Podfile.lock",
				"${PODS_ROOT}/Manifest.lock",
			);
			name = "[CP] Check Pods Manifest.lock";
			outputFileListPaths = (
			);
			outputPaths = (
				"$(DERIVED_FILE_DIR)/Pods-MatrixPediaTests-checkManifestLockResult.txt",
			);
			runOnlyForDeploymentPostprocessing = 0;
			shellPath = /bin/sh;
			shellScript = "diff \"${PODS_PODFILE_DIR_PATH}/Podfile.lock\" \"${PODS_ROOT}/Manifest.lock\" > /dev/null\nif [ $? != 0 ] ; then\n    # print error to STDERR\n    echo \"error: The sandbox is not in sync with the Podfile.lock. Run 'pod install' or update your CocoaPods installation.\" >&2\n    exit 1\nfi\n# This output is used by Xcode 'outputs' to avoid re-running this script phase.\necho \"SUCCESS\" > \"${SCRIPT_OUTPUT_FILE_0}\"\n";
			showEnvVarsInLog = 0;
		};
/* End PBXShellScriptBuildPhase section */

/* Begin PBXSourcesBuildPhase section */
		AC5675092193814A0016AB5B /* Sources */ = {
			isa = PBXSourcesBuildPhase;
			buildActionMask = 2147483647;
			files = (
				AC5675112193814A0016AB5B /* AppDelegate.swift in Sources */,
				ACDEAAC121A6120E005DA240 /* Constants.swift in Sources */,
				ACDEAAB721A5D4D2005DA240 /* MatrixProtocols.swift in Sources */,
				AC567533219382320016AB5B /* MatrixCharacter.swift in Sources */,
				AC567531219382020016AB5B /* CharactersTableViewController.swift in Sources */,
				AC36ADDE21938BB4005CA798 /* CharacterProfile.swift in Sources */,
				AC36ADDC219388B9005CA798 /* CharacterrProfileViewController.swift in Sources */,
				ACDEAAB921A5D6BD005DA240 /* LiveNewsPresenter.swift in Sources */,
				ACDEAABB21A5D7FD005DA240 /* MatrixCharactersInteractor.swift in Sources */,
				ACDEAABD21A5DDE3005DA240 /* CharactersViewController.swift in Sources */,
				ACDEAAB121A5D064005DA240 /* MatrixCharactersRouter.swift in Sources */,
			);
			runOnlyForDeploymentPostprocessing = 0;
		};
		AC56751D2193814C0016AB5B /* Sources */ = {
			isa = PBXSourcesBuildPhase;
			buildActionMask = 2147483647;
			files = (
				AC5675262193814C0016AB5B /* MatrixPediaTests.swift in Sources */,
			);
			runOnlyForDeploymentPostprocessing = 0;
		};
/* End PBXSourcesBuildPhase section */

/* Begin PBXTargetDependency section */
		AC5675232193814C0016AB5B /* PBXTargetDependency */ = {
			isa = PBXTargetDependency;
			target = AC56750C2193814A0016AB5B /* MatrixPedia */;
			targetProxy = AC5675222193814C0016AB5B /* PBXContainerItemProxy */;
		};
/* End PBXTargetDependency section */

/* Begin PBXVariantGroup section */
		AC5675192193814C0016AB5B /* LaunchScreen.storyboard */ = {
			isa = PBXVariantGroup;
			children = (
				AC56751A2193814C0016AB5B /* Base */,
			);
			name = LaunchScreen.storyboard;
			sourceTree = "<group>";
		};
/* End PBXVariantGroup section */

/* Begin XCBuildConfiguration section */
		AC5675282193814C0016AB5B /* Debug */ = {
			isa = XCBuildConfiguration;
			buildSettings = {
				ALWAYS_SEARCH_USER_PATHS = NO;
				CLANG_ANALYZER_NONNULL = YES;
				CLANG_ANALYZER_NUMBER_OBJECT_CONVERSION = YES_AGGRESSIVE;
				CLANG_CXX_LANGUAGE_STANDARD = "gnu++14";
				CLANG_CXX_LIBRARY = "libc++";
				CLANG_ENABLE_MODULES = YES;
				CLANG_ENABLE_OBJC_ARC = YES;
				CLANG_ENABLE_OBJC_WEAK = YES;
				CLANG_WARN_BLOCK_CAPTURE_AUTORELEASING = YES;
				CLANG_WARN_BOOL_CONVERSION = YES;
				CLANG_WARN_COMMA = YES;
				CLANG_WARN_CONSTANT_CONVERSION = YES;
				CLANG_WARN_DEPRECATED_OBJC_IMPLEMENTATIONS = YES;
				CLANG_WARN_DIRECT_OBJC_ISA_USAGE = YES_ERROR;
				CLANG_WARN_DOCUMENTATION_COMMENTS = YES;
				CLANG_WARN_EMPTY_BODY = YES;
				CLANG_WARN_ENUM_CONVERSION = YES;
				CLANG_WARN_INFINITE_RECURSION = YES;
				CLANG_WARN_INT_CONVERSION = YES;
				CLANG_WARN_NON_LITERAL_NULL_CONVERSION = YES;
				CLANG_WARN_OBJC_IMPLICIT_RETAIN_SELF = YES;
				CLANG_WARN_OBJC_LITERAL_CONVERSION = YES;
				CLANG_WARN_OBJC_ROOT_CLASS = YES_ERROR;
				CLANG_WARN_RANGE_LOOP_ANALYSIS = YES;
				CLANG_WARN_STRICT_PROTOTYPES = YES;
				CLANG_WARN_SUSPICIOUS_MOVE = YES;
				CLANG_WARN_UNGUARDED_AVAILABILITY = YES_AGGRESSIVE;
				CLANG_WARN_UNREACHABLE_CODE = YES;
				CLANG_WARN__DUPLICATE_METHOD_MATCH = YES;
				CODE_SIGN_IDENTITY = "iPhone Developer";
				COPY_PHASE_STRIP = NO;
				DEBUG_INFORMATION_FORMAT = dwarf;
				ENABLE_STRICT_OBJC_MSGSEND = YES;
				ENABLE_TESTABILITY = YES;
				GCC_C_LANGUAGE_STANDARD = gnu11;
				GCC_DYNAMIC_NO_PIC = NO;
				GCC_NO_COMMON_BLOCKS = YES;
				GCC_OPTIMIZATION_LEVEL = 0;
				GCC_PREPROCESSOR_DEFINITIONS = (
					"DEBUG=1",
					"$(inherited)",
				);
				GCC_WARN_64_TO_32_BIT_CONVERSION = YES;
				GCC_WARN_ABOUT_RETURN_TYPE = YES_ERROR;
				GCC_WARN_UNDECLARED_SELECTOR = YES;
				GCC_WARN_UNINITIALIZED_AUTOS = YES_AGGRESSIVE;
				GCC_WARN_UNUSED_FUNCTION = YES;
				GCC_WARN_UNUSED_VARIABLE = YES;
				IPHONEOS_DEPLOYMENT_TARGET = 12.0;
				MTL_ENABLE_DEBUG_INFO = INCLUDE_SOURCE;
				MTL_FAST_MATH = YES;
				ONLY_ACTIVE_ARCH = YES;
				SDKROOT = iphoneos;
				SWIFT_ACTIVE_COMPILATION_CONDITIONS = DEBUG;
				SWIFT_OPTIMIZATION_LEVEL = "-Onone";
			};
			name = Debug;
		};
		AC5675292193814C0016AB5B /* Release */ = {
			isa = XCBuildConfiguration;
			buildSettings = {
				ALWAYS_SEARCH_USER_PATHS = NO;
				CLANG_ANALYZER_NONNULL = YES;
				CLANG_ANALYZER_NUMBER_OBJECT_CONVERSION = YES_AGGRESSIVE;
				CLANG_CXX_LANGUAGE_STANDARD = "gnu++14";
				CLANG_CXX_LIBRARY = "libc++";
				CLANG_ENABLE_MODULES = YES;
				CLANG_ENABLE_OBJC_ARC = YES;
				CLANG_ENABLE_OBJC_WEAK = YES;
				CLANG_WARN_BLOCK_CAPTURE_AUTORELEASING = YES;
				CLANG_WARN_BOOL_CONVERSION = YES;
				CLANG_WARN_COMMA = YES;
				CLANG_WARN_CONSTANT_CONVERSION = YES;
				CLANG_WARN_DEPRECATED_OBJC_IMPLEMENTATIONS = YES;
				CLANG_WARN_DIRECT_OBJC_ISA_USAGE = YES_ERROR;
				CLANG_WARN_DOCUMENTATION_COMMENTS = YES;
				CLANG_WARN_EMPTY_BODY = YES;
				CLANG_WARN_ENUM_CONVERSION = YES;
				CLANG_WARN_INFINITE_RECURSION = YES;
				CLANG_WARN_INT_CONVERSION = YES;
				CLANG_WARN_NON_LITERAL_NULL_CONVERSION = YES;
				CLANG_WARN_OBJC_IMPLICIT_RETAIN_SELF = YES;
				CLANG_WARN_OBJC_LITERAL_CONVERSION = YES;
				CLANG_WARN_OBJC_ROOT_CLASS = YES_ERROR;
				CLANG_WARN_RANGE_LOOP_ANALYSIS = YES;
				CLANG_WARN_STRICT_PROTOTYPES = YES;
				CLANG_WARN_SUSPICIOUS_MOVE = YES;
				CLANG_WARN_UNGUARDED_AVAILABILITY = YES_AGGRESSIVE;
				CLANG_WARN_UNREACHABLE_CODE = YES;
				CLANG_WARN__DUPLICATE_METHOD_MATCH = YES;
				CODE_SIGN_IDENTITY = "iPhone Developer";
				COPY_PHASE_STRIP = NO;
				DEBUG_INFORMATION_FORMAT = "dwarf-with-dsym";
				ENABLE_NS_ASSERTIONS = NO;
				ENABLE_STRICT_OBJC_MSGSEND = YES;
				GCC_C_LANGUAGE_STANDARD = gnu11;
				GCC_NO_COMMON_BLOCKS = YES;
				GCC_WARN_64_TO_32_BIT_CONVERSION = YES;
				GCC_WARN_ABOUT_RETURN_TYPE = YES_ERROR;
				GCC_WARN_UNDECLARED_SELECTOR = YES;
				GCC_WARN_UNINITIALIZED_AUTOS = YES_AGGRESSIVE;
				GCC_WARN_UNUSED_FUNCTION = YES;
				GCC_WARN_UNUSED_VARIABLE = YES;
				IPHONEOS_DEPLOYMENT_TARGET = 12.0;
				MTL_ENABLE_DEBUG_INFO = NO;
				MTL_FAST_MATH = YES;
				SDKROOT = iphoneos;
				SWIFT_COMPILATION_MODE = wholemodule;
				SWIFT_OPTIMIZATION_LEVEL = "-O";
				VALIDATE_PRODUCT = YES;
			};
			name = Release;
		};
		AC56752B2193814C0016AB5B /* Debug */ = {
			isa = XCBuildConfiguration;
			baseConfigurationReference = CC88C5FFF76F8F14B3D51229 /* Pods-MatrixPedia.debug.xcconfig */;
			buildSettings = {
				ASSETCATALOG_COMPILER_APPICON_NAME = AppIcon;
				CODE_SIGN_STYLE = Automatic;
				DEVELOPMENT_TEAM = 3NZN8QHW8P;
				INFOPLIST_FILE = MatrixPedia/Info.plist;
				LD_RUNPATH_SEARCH_PATHS = (
					"$(inherited)",
					"@executable_path/Frameworks",
				);
				PRODUCT_BUNDLE_IDENTIFIER = com.alexcros.MatrixPedia;
				PRODUCT_NAME = "$(TARGET_NAME)";
				SWIFT_VERSION = 4.2;
				TARGETED_DEVICE_FAMILY = "1,2";
			};
			name = Debug;
		};
		AC56752C2193814C0016AB5B /* Release */ = {
			isa = XCBuildConfiguration;
			baseConfigurationReference = 918D6551AB6EBE4E126BA6B4 /* Pods-MatrixPedia.release.xcconfig */;
			buildSettings = {
				ASSETCATALOG_COMPILER_APPICON_NAME = AppIcon;
				CODE_SIGN_STYLE = Automatic;
				DEVELOPMENT_TEAM = 3NZN8QHW8P;
				INFOPLIST_FILE = MatrixPedia/Info.plist;
				LD_RUNPATH_SEARCH_PATHS = (
					"$(inherited)",
					"@executable_path/Frameworks",
				);
				PRODUCT_BUNDLE_IDENTIFIER = com.alexcros.MatrixPedia;
				PRODUCT_NAME = "$(TARGET_NAME)";
				SWIFT_VERSION = 4.2;
				TARGETED_DEVICE_FAMILY = "1,2";
			};
			name = Release;
		};
		AC56752E2193814C0016AB5B /* Debug */ = {
			isa = XCBuildConfiguration;
			baseConfigurationReference = AF06BB104A9872EF2D7CFF07 /* Pods-MatrixPediaTests.debug.xcconfig */;
			buildSettings = {
				ALWAYS_EMBED_SWIFT_STANDARD_LIBRARIES = YES;
				BUNDLE_LOADER = "$(TEST_HOST)";
				CODE_SIGN_STYLE = Automatic;
				DEVELOPMENT_TEAM = 3NZN8QHW8P;
				INFOPLIST_FILE = MatrixPediaTests/Info.plist;
				LD_RUNPATH_SEARCH_PATHS = (
					"$(inherited)",
					"@executable_path/Frameworks",
					"@loader_path/Frameworks",
				);
				PRODUCT_BUNDLE_IDENTIFIER = com.alexcros.MatrixPediaTests;
				PRODUCT_NAME = "$(TARGET_NAME)";
				SWIFT_VERSION = 4.2;
				TARGETED_DEVICE_FAMILY = "1,2";
				TEST_HOST = "$(BUILT_PRODUCTS_DIR)/MatrixPedia.app/MatrixPedia";
			};
			name = Debug;
		};
		AC56752F2193814C0016AB5B /* Release */ = {
			isa = XCBuildConfiguration;
			baseConfigurationReference = B00181C68F6297F9E43F4635 /* Pods-MatrixPediaTests.release.xcconfig */;
			buildSettings = {
				ALWAYS_EMBED_SWIFT_STANDARD_LIBRARIES = YES;
				BUNDLE_LOADER = "$(TEST_HOST)";
				CODE_SIGN_STYLE = Automatic;
				DEVELOPMENT_TEAM = 3NZN8QHW8P;
				INFOPLIST_FILE = MatrixPediaTests/Info.plist;
				LD_RUNPATH_SEARCH_PATHS = (
					"$(inherited)",
					"@executable_path/Frameworks",
					"@loader_path/Frameworks",
				);
				PRODUCT_BUNDLE_IDENTIFIER = com.alexcros.MatrixPediaTests;
				PRODUCT_NAME = "$(TARGET_NAME)";
				SWIFT_VERSION = 4.2;
				TARGETED_DEVICE_FAMILY = "1,2";
				TEST_HOST = "$(BUILT_PRODUCTS_DIR)/MatrixPedia.app/MatrixPedia";
			};
			name = Release;
		};
/* End XCBuildConfiguration section */

/* Begin XCConfigurationList section */
		AC5675082193814A0016AB5B /* Build configuration list for PBXProject "MatrixPedia" */ = {
			isa = XCConfigurationList;
			buildConfigurations = (
				AC5675282193814C0016AB5B /* Debug */,
				AC5675292193814C0016AB5B /* Release */,
			);
			defaultConfigurationIsVisible = 0;
			defaultConfigurationName = Release;
		};
		AC56752A2193814C0016AB5B /* Build configuration list for PBXNativeTarget "MatrixPedia" */ = {
			isa = XCConfigurationList;
			buildConfigurations = (
				AC56752B2193814C0016AB5B /* Debug */,
				AC56752C2193814C0016AB5B /* Release */,
			);
			defaultConfigurationIsVisible = 0;
			defaultConfigurationName = Release;
		};
		AC56752D2193814C0016AB5B /* Build configuration list for PBXNativeTarget "MatrixPediaTests" */ = {
			isa = XCConfigurationList;
			buildConfigurations = (
				AC56752E2193814C0016AB5B /* Debug */,
				AC56752F2193814C0016AB5B /* Release */,
			);
			defaultConfigurationIsVisible = 0;
			defaultConfigurationName = Release;
		};
/* End XCConfigurationList section */
	};
	rootObject = AC5675052193814A0016AB5B /* Project object */;
}
